{
  "name": "@mdshad/ripple",
  "version": "1.0.1",
  "lockfileVersion": 3,
  "requires": true,
  "packages": {
    "": {
      "name": "@mdshad/ripple",
      "version": "1.0.1",
      "license": "ISC",
      "dependencies": {
        "@mdshad/sel": "^1.0.1"
      }
    },
    "node_modules/@mdshad/sel": {
      "version": "1.0.1",
      "resolved": "https://registry.npmjs.org/@mdshad/sel/-/sel-1.0.1.tgz",
      "integrity": "sha512-9mDjV0415b8uboXJB+1VBm7om0M7ZAGM0IV0/m2JpZ42HHa3MZibQTKoJ9gC6L9fvr6dCGnp9uF3MejFRecVNQ=="
    }
  }
}
